
Microsoft Visual Studio Solution File, Format Version 12.00
# Visual Studio Version 17
VisualStudioVersion = 17.11.35219.272
MinimumVisualStudioVersion = 10.0.40219.1
Project("{FAE04EC0-301F-11D3-BF4B-00C04F79EFBC}") = "FarmsAndFairytalesWebsite", "FarmsAndFairytalesWebsite\FarmsAndFairytalesWebsite.csproj", "{410807C9-6D70-4D3F-BD27-22403E3DEC71}"
EndProject
Global
	GlobalSection(SolutionConfigurationPlatforms) = preSolution
		Debug|Any CPU = Debug|Any CPU
		Release|Any CPU = Release|Any CPU
	EndGlobalSection
	GlobalSection(ProjectConfigurationPlatforms) = postSolution
		{410807C9-6D70-4D3F-BD27-22403E3DEC71}.Debug|Any CPU.ActiveCfg = Debug|Any CPU
		{410807C9-6D70-4D3F-BD27-22403E3DEC71}.Debug|Any CPU.Build.0 = Debug|Any CPU
		{410807C9-6D70-4D3F-BD27-22403E3DEC71}.Release|Any CPU.ActiveCfg = Release|Any CPU
		{410807C9-6D70-4D3F-BD27-22403E3DEC71}.Release|Any CPU.Build.0 = Release|Any CPU
	EndGlobalSection
	GlobalSection(SolutionProperties) = preSolution
		HideSolutionNode = FALSE
	EndGlobalSection
	GlobalSection(ExtensibilityGlobals) = postSolution
		SolutionGuid = {5E06894C-8D6E-4827-81DA-896EB0A74DA4}
	EndGlobalSection
EndGlobal
